{
  "object": {
    "pins": [
      {
        "package": "Puppy",
        "repositoryURL": "https://github.com/sushichop/Puppy.git",
        "state": {
          "branch": null,
          "revision": "4b765930fd8987c1983dff2f14ff316c308dd304",
          "version": "0.1.2"
        }
      },
      {
        "package": "swift-argument-parser",
        "repositoryURL": "https://github.com/apple/swift-argument-parser.git",
        "state": {
          "branch": null,
          "revision": "831ed5e860a70e745bc1337830af4786b2576881",
          "version": "0.4.1"
        }
      },
      {
        "package": "Base32",
        "repositoryURL": "https://github.com/szktty/swift-clockwork-base32.git",
        "state": {
          "branch": null,
          "revision": "1f0da9d4a12eff4ead94047bf259b0907be16074",
          "version": "2021.1.1"
        }
      },
      {
        "package": "swift-log",
        "repositoryURL": "https://github.com/apple/swift-log",
        "state": {
          "branch": null,
          "revision": "5d66f7ba25daf4f94100e7022febf3c75e37a6c7",
          "version": "1.4.2"
        }
      },
      {
        "package": "Swifter",
        "repositoryURL": "https://github.com/httpswift/swifter.git",
        "state": {
          "branch": null,
          "revision": "9483a5d459b45c3ffd059f7b55f9638e268632fd",
          "version": "1.5.0"
        }
      },
      {
        "package": "Yaml",
        "repositoryURL": "https://github.com/behrang/YamlSwift.git",
        "state": {
          "branch": null,
          "revision": "287f5cab7da0d92eb947b5fd8151b203ae04a9a3",
          "version": "3.4.4"
        }
      }
    ]
  },
  "version": 1
}
